{
  "name": "zaqar-renderer-ejs",
  "version": "1.0.1",
  "lockfileVersion": 1,
  "requires": true,
  "dependencies": {
    "@types/ejs": {
      "version": "2.6.3",
      "resolved": "https://registry.npmjs.org/@types/ejs/-/ejs-2.6.3.tgz",
      "integrity": "sha512-/F+qQ0Fr0Dr1YvHjX+FCvbba4sQ27RdCPDqmP/si0e1v1GOkbQ3VRBvZPSQM7NoQ3iz3SyiJVscCP2f0vKuIhQ==",
      "dev": true
    },
    "ejs": {
      "version": "3.0.1",
      "resolved": "https://registry.npmjs.org/ejs/-/ejs-3.0.1.tgz",
      "integrity": "sha512-cuIMtJwxvzumSAkqaaoGY/L6Fc/t6YvoP9/VIaK0V/CyqKLEQ8sqODmYfy/cjXEdZ9+OOL8TecbJu+1RsofGDw=="
    }
  }
}
